{"1.2.0",
[{<<"accept">>,{pkg,<<"accept">>,<<"0.3.7">>},2},
 {<<"acceptor_pool">>,{pkg,<<"acceptor_pool">>,<<"1.0.0">>},2},
 {<<"bouncer_client">>,
  {git,"https://github.com/valitydev/bouncer-client-erlang.git",
       {ref,"10835206f1deca28d6b900f73d635a15f078a123"}},
  0},
 {<<"bouncer_proto">>,
  {git,"https://github.com/valitydev/bouncer-proto.git",
       {ref,"23d1761355d76923ee0f2797f106e9fb6ecf06c1"}},
  0},
 {<<"brod">>,{pkg,<<"brod">>,<<"4.3.2">>},2},
 {<<"cache">>,{pkg,<<"cache">>,<<"2.3.3">>},1},
 {<<"canal">>,
  {git,"https://github.com/valitydev/canal",
       {ref,"89faedce3b054bcca7cc31ca64d2ead8a9402305"}},
  3},
 {<<"certifi">>,{pkg,<<"certifi">>,<<"2.6.1">>},1},
 {<<"cg_mon">>,
  {git,"https://github.com/rbkmoney/cg_mon.git",
       {ref,"5a87a37694e42b6592d3b4164ae54e0e87e24e18"}},
  1},
 {<<"chatterbox">>,{pkg,<<"ts_chatterbox">>,<<"0.15.1">>},2},
 {<<"cowboy">>,{pkg,<<"cowboy">>,<<"2.9.0">>},0},
 {<<"cowboy_access_log">>,
  {git,"https://github.com/valitydev/cowboy_access_log.git",
       {ref,"04da359e022cf05c5c93812504d5791d6bc97453"}},
  0},
 {<<"cowboy_cors">>,
  {git,"https://github.com/valitydev/cowboy_cors.git",
       {ref,"5a3b084fb8c5a4ff58e3c915a822d709d6023c3b"}},
  0},
 {<<"cowlib">>,{pkg,<<"cowlib">>,<<"2.11.0">>},1},
 {<<"crc32cer">>,{pkg,<<"crc32cer">>,<<"0.1.11">>},4},
 {<<"ctx">>,{pkg,<<"ctx">>,<<"0.6.0">>},2},
 {<<"email_validator">>,{pkg,<<"email_validator">>,<<"1.1.0">>},0},
 {<<"epg_connector">>,
  {git,"https://github.com/valitydev/epg_connector.git",
       {ref,"4c35b8dc26955e589323c64bd1dd0c9abe1e3c13"}},
  2},
 {<<"epgsql">>,
  {git,"https://github.com/epgsql/epgsql.git",
       {ref,"7ba52768cf0ea7d084df24d4275a88eef4db13c2"}},
  3},
 {<<"erl_health">>,
  {git,"https://github.com/valitydev/erlang-health.git",
       {ref,"49716470d0e8dab5e37db55d52dea78001735a3d"}},
  0},
 {<<"genlib">>,
  {git,"https://github.com/valitydev/genlib.git",
       {ref,"d2324089afbbd9630e85fac554620f1de0b33dfe"}},
  0},
 {<<"gproc">>,{pkg,<<"gproc">>,<<"0.9.0">>},1},
 {<<"grpcbox">>,{pkg,<<"grpcbox">>,<<"0.17.1">>},1},
 {<<"gun">>,
  {git,"https://github.com/ninenines/gun.git",
       {ref,"e7dd9f227e46979d8073e71c683395a809b78cb4"}},
  1},
 {<<"hackney">>,{pkg,<<"hackney">>,<<"1.17.4">>},0},
 {<<"hpack">>,{pkg,<<"hpack_erl">>,<<"0.3.0">>},3},
 {<<"idna">>,{pkg,<<"idna">>,<<"6.1.1">>},1},
 {<<"jesse">>,
  {git,"https://github.com/valitydev/jesse.git",
       {ref,"640392b30ff0076809231ac2e145e656ff70b3d8"}},
  1},
 {<<"jose">>,
  {git,"https://github.com/potatosalad/erlang-jose.git",
       {ref,"991649695aaccd92c8effb1c1e88e6159fe8e9a6"}},
  0},
 {<<"jsone">>,{pkg,<<"jsone">>,<<"1.8.0">>},4},
 {<<"jsx">>,{pkg,<<"jsx">>,<<"3.1.0">>},0},
 {<<"kafka_protocol">>,{pkg,<<"kafka_protocol">>,<<"4.1.10">>},3},
 {<<"machinery">>,
  {git,"https://github.com/valitydev/machinery-erlang.git",
       {ref,"5d3c6849d55447456d794058f0d68fbedb01db7a"}},
  0},
 {<<"metrics">>,{pkg,<<"metrics">>,<<"1.0.1">>},1},
 {<<"mg_proto">>,
  {git,"https://github.com/valitydev/machinegun-proto.git",
       {ref,"96f7f11b184c29d8b7e83cd7646f3f2c13662bda"}},
  0},
 {<<"mimerl">>,{pkg,<<"mimerl">>,<<"1.2.0">>},1},
 {<<"opentelemetry">>,{pkg,<<"opentelemetry">>,<<"1.5.0">>},0},
 {<<"opentelemetry_api">>,{pkg,<<"opentelemetry_api">>,<<"1.4.0">>},0},
 {<<"opentelemetry_exporter">>,
  {pkg,<<"opentelemetry_exporter">>,<<"1.8.0">>},
  0},
 {<<"org_management_proto">>,
  {git,"https://github.com/valitydev/org-management-proto",
       {ref,"04de2f4ad697430c75f8efa04716d30753bd7c4b"}},
  1},
 {<<"parse_trans">>,{pkg,<<"parse_trans">>,<<"3.4.1">>},0},
 {<<"progressor">>,
  {git,"https://github.com/valitydev/progressor.git",
       {ref,"8ce69f723b8dce8ac4d0b66ef63af6d4a5d4a309"}},
  1},
 {<<"prometheus">>,{pkg,<<"prometheus">>,<<"4.11.0">>},0},
 {<<"prometheus_cowboy">>,{pkg,<<"prometheus_cowboy">>,<<"0.1.9">>},0},
 {<<"prometheus_httpd">>,{pkg,<<"prometheus_httpd">>,<<"2.1.15">>},1},
 {<<"quantile_estimator">>,{pkg,<<"quantile_estimator">>,<<"0.2.1">>},1},
 {<<"ranch">>,{pkg,<<"ranch">>,<<"1.8.0">>},1},
 {<<"recon">>,{pkg,<<"recon">>,<<"2.5.6">>},2},
 {<<"scoper">>,
  {git,"https://github.com/valitydev/scoper.git",
       {ref,"0e7aa01e9632daa39727edd62d4656ee715b4569"}},
  0},
 {<<"snowflake">>,
  {git,"https://github.com/valitydev/snowflake.git",
       {ref,"de159486ef40cec67074afe71882bdc7f7deab72"}},
  1},
 {<<"ssl_verify_fun">>,{pkg,<<"ssl_verify_fun">>,<<"1.1.6">>},1},
 {<<"swag_client_ushort">>,
  {git,"https://github.com/valitydev/swag-url-shortener",
       {ref,"99abf3cf54cea2f42af4dc01663098da24a1773b"}},
  0},
 {<<"swag_server_ushort">>,
  {git,"https://github.com/valitydev/swag-url-shortener",
       {ref,"f9ca9df53b8f871e8d909d55830fadcabd4e3cb5"}},
  0},
 {<<"thrift">>,
  {git,"https://github.com/valitydev/thrift_erlang.git",
       {ref,"3a60e5dc5bbd709495024f26e100b041c3547fd9"}},
  1},
 {<<"tls_certificate_check">>,
  {pkg,<<"tls_certificate_check">>,<<"1.27.0">>},
  1},
 {<<"token_keeper_client">>,
  {git,"https://github.com/valitydev/token-keeper-client.git",
       {ref,"00aaba5e0ef2a6eb35eeecd12dcafe475031e200"}},
  0},
 {<<"token_keeper_proto">>,
  {git,"https://github.com/valitydev/token-keeper-proto.git",
       {ref,"8b8bb4333828350301ae2fe801c0c8de61c6529c"}},
  1},
 {<<"unicode_util_compat">>,{pkg,<<"unicode_util_compat">>,<<"0.7.0">>},1},
 {<<"woody">>,
  {git,"https://github.com/valitydev/woody_erlang.git",
       {ref,"cc983a9423325ba1d6a509775eb6ff7ace721539"}},
  0},
 {<<"woody_user_identity">>,
  {git,"https://github.com/valitydev/woody_erlang_user_identity.git",
       {ref,"1bc1e260b8d464fe7720ca3e26f52fed363aff67"}},
  0}]}.
[
{pkg_hash,[
 {<<"accept">>, <<"CD6E34A2D7E28CA38B2D3CB233734CA0C221EFBC1F171F91FEC5F162CC2D18DA">>},
 {<<"acceptor_pool">>, <<"43C20D2ACAE35F0C2BCD64F9D2BDE267E459F0F3FD23DAB26485BF518C281B21">>},
 {<<"brod">>, <<"51F4DFF17ED43A806558EBD62CC88E7B35AED336D1BA1F3DE2D010F463D49736">>},
 {<<"cache">>, <<"B23A5FE7095445A88412A6E614C933377E0137B44FFED77C9B3FEF1A731A20B2">>},
 {<<"certifi">>, <<"DBAB8E5E155A0763EEA978C913CA280A6B544BFA115633FA20249C3D396D9493">>},
 {<<"chatterbox">>, <<"5CAC4D15DD7AD61FC3C4415CE4826FC563D4643DEE897A558EC4EA0B1C835C9C">>},
 {<<"cowboy">>, <<"865DD8B6607E14CF03282E10E934023A1BD8BE6F6BACF921A7E2A96D800CD452">>},
 {<<"cowlib">>, <<"0B9FF9C346629256C42EBE1EEB769A83C6CB771A6EE5960BD110AB0B9B872063">>},
 {<<"crc32cer">>, <<"B550DA6D615FEB72A882D15D020F8F7DEE72DFB2CB1BCDF3B1EE8DC2AFD68CFC">>},
 {<<"ctx">>, <<"8FF88B70E6400C4DF90142E7F130625B82086077A45364A78D208ED3ED53C7FE">>},
 {<<"email_validator">>, <<"7E09A862E9AA99AE2CA6FD2A718D2B94360E32940A1339B53DFEE6B774BCDB03">>},
 {<<"gproc">>, <<"853CCB7805E9ADA25D227A157BA966F7B34508F386A3E7E21992B1B484230699">>},
 {<<"grpcbox">>, <<"6E040AB3EF16FE699FFB513B0EF8E2E896DA7B18931A1EF817143037C454BCCE">>},
 {<<"hackney">>, <<"99DA4674592504D3FB0CFEF0DB84C3BA02B4508BAE2DFF8C0108BAA0D6E0977C">>},
 {<<"hpack">>, <<"2461899CC4AB6A0EF8E970C1661C5FC6A52D3C25580BC6DD204F84CE94669926">>},
 {<<"idna">>, <<"8A63070E9F7D0C62EB9D9FCB360A7DE382448200FBBD1B106CC96D3D8099DF8D">>},
 {<<"jsone">>, <<"347FF1FA700E182E1F9C5012FA6D737B12C854313B9AE6954CA75D3987D6C06D">>},
 {<<"jsx">>, <<"D12516BAA0BB23A59BB35DCCAF02A1BD08243FCBB9EFE24F2D9D056CCFF71268">>},
 {<<"kafka_protocol">>, <<"F917B6C90C8DF0DE2B40A87D6B9AE1CFCE7788E91A65818E90E40CF76111097A">>},
 {<<"metrics">>, <<"25F094DEA2CDA98213CECC3AEFF09E940299D950904393B2A29D191C346A8486">>},
 {<<"mimerl">>, <<"67E2D3F571088D5CFD3E550C383094B47159F3EEE8FFA08E64106CDF5E981BE3">>},
 {<<"opentelemetry">>, <<"7DDA6551EDFC3050EA4B0B40C0D2570423D6372B97E9C60793263EF62C53C3C2">>},
 {<<"opentelemetry_api">>, <<"63CA1742F92F00059298F478048DFB826F4B20D49534493D6919A0DB39B6DB04">>},
 {<<"opentelemetry_exporter">>, <<"5D546123230771EF4174E37BEDFD77E3374913304CD6EA3CA82A2ADD49CD5D56">>},
 {<<"parse_trans">>, <<"6E6AA8167CB44CC8F39441D05193BE6E6F4E7C2946CB2759F015F8C56B76E5FF">>},
 {<<"prometheus">>, <<"B95F8DE8530F541BD95951E18E355A840003672E5EDA4788C5FA6183406BA29A">>},
 {<<"prometheus_cowboy">>, <<"D9D5B300516A61ED5AE31391F8EEEEB202230081D32A1813F2D78772B6F274E1">>},
 {<<"prometheus_httpd">>, <<"8F767D819A5D36275EAB9264AFF40D87279151646776069BF69FBDBBD562BD75">>},
 {<<"quantile_estimator">>, <<"EF50A361F11B5F26B5F16D0696E46A9E4661756492C981F7B2229EF42FF1CD15">>},
 {<<"ranch">>, <<"8C7A100A139FD57F17327B6413E4167AC559FBC04CA7448E9BE9057311597A1D">>},
 {<<"recon">>, <<"9052588E83BFEDFD9B72E1034532AEE2A5369D9D9343B61AEB7FBCE761010741">>},
 {<<"ssl_verify_fun">>, <<"CF344F5692C82D2CD7554F5EC8FD961548D4FD09E7D22F5B62482E5AEAEBD4B0">>},
 {<<"tls_certificate_check">>, <<"2C1C7FC922A329B9EB45DDF39113C998BBDEB28A534219CD884431E2AEE1811E">>},
 {<<"unicode_util_compat">>, <<"BC84380C9AB48177092F43AC89E4DFA2C6D62B40B8BD132B1059ECC7232F9A78">>}]},
{pkg_hash_ext,[
 {<<"accept">>, <<"CA69388943F5DAD2E7232A5478F16086E3C872F48E32B88B378E1885A59F5649">>},
 {<<"acceptor_pool">>, <<"0CBCD83FDC8B9AD2EEE2067EF8B91A14858A5883CB7CD800E6FCD5803E158788">>},
 {<<"brod">>, <<"88584FDEBA746AA6729E2A1826416C10899954F68AF93659B3C2F38A2DCAA27C">>},
 {<<"cache">>, <<"44516CE6FA03594D3A2AF025DD3A87BFE711000EB730219E1DDEFC816E0AA2F4">>},
 {<<"certifi">>, <<"524C97B4991B3849DD5C17A631223896272C6B0AF446778BA4675A1DFF53BB7E">>},
 {<<"chatterbox">>, <<"4F75B91451338BC0DA5F52F3480FA6EF6E3A2AEECFC33686D6B3D0A0948F31AA">>},
 {<<"cowboy">>, <<"2C729F934B4E1AA149AFF882F57C6372C15399A20D54F65C8D67BEF583021BDE">>},
 {<<"cowlib">>, <<"2B3E9DA0B21C4565751A6D4901C20D1B4CC25CBB7FD50D91D2AB6DD287BC86A9">>},
 {<<"crc32cer">>, <<"A39B8F0B1990AC1BF06C3A247FC6A178B740CDFC33C3B53688DC7DD6B1855942">>},
 {<<"ctx">>, <<"A14ED2D1B67723DBEBBE423B28D7615EB0BDCBA6FF28F2D1F1B0A7E1D4AA5FC2">>},
 {<<"email_validator">>, <<"2B1E6DF7BB14155C8D7D131F1C95CF4676200BC056EEBA82123396833FF94DA2">>},
 {<<"gproc">>, <<"587E8AF698CCD3504CF4BA8D90F893EDE2B0F58CABB8A916E2BF9321DE3CF10B">>},
 {<<"grpcbox">>, <<"4A3B5D7111DAABC569DC9CBD9B202A3237D81C80BF97212FBC676832CB0CEB17">>},
 {<<"hackney">>, <<"DE16FF4996556C8548D512F4DBE22DD58A587BF3332E7FD362430A7EF3986B16">>},
 {<<"hpack">>, <<"D6137D7079169D8C485C6962DFE261AF5B9EF60FBC557344511C1E65E3D95FB0">>},
 {<<"idna">>, <<"92376EB7894412ED19AC475E4A86F7B413C1B9FBB5BD16DCCD57934157944CEA">>},
 {<<"jsone">>, <<"08560B78624A12E0B5E7EC0271EC8CA38EF51F63D84D84843473E14D9B12618C">>},
 {<<"jsx">>, <<"0C5CC8FDC11B53CC25CF65AC6705AD39E54ECC56D1C22E4ADB8F5A53FB9427F3">>},
 {<<"kafka_protocol">>, <<"DF680A3706EAD8695F8B306897C0A33E8063C690DA9308DB87B462CFD7029D04">>},
 {<<"metrics">>, <<"69B09ADDDC4F74A40716AE54D140F93BEB0FB8978D8636EADED0C31B6F099F16">>},
 {<<"mimerl">>, <<"F278585650AA581986264638EBF698F8BB19DF297F66AD91B18910DFC6E19323">>},
 {<<"opentelemetry">>, <<"CDF4F51D17B592FC592B9A75F86A6F808C23044BA7CF7B9534DEBBCC5C23B0EE">>},
 {<<"opentelemetry_api">>, <<"3DFBBFAA2C2ED3121C5C483162836C4F9027DEF469C41578AF5EF32589FCFC58">>},
 {<<"opentelemetry_exporter">>, <<"A1F9F271F8D3B02B81462A6BFEF7075FD8457FDB06ADFF5D2537DF5E2264D9AF">>},
 {<<"parse_trans">>, <<"620A406CE75DADA827B82E453C19CF06776BE266F5A67CFF34E1EF2CBB60E49A">>},
 {<<"prometheus">>, <<"719862351AABF4DF7079B05DC085D2BBCBE3AC0AC3009E956671B1D5AB88247D">>},
 {<<"prometheus_cowboy">>, <<"5F71C039DEB9E9FF9DD6366BC74C907A463872B85286E619EFF0BDA15111695A">>},
 {<<"prometheus_httpd">>, <<"67736D000745184D5013C58A63E947821AB90CB9320BC2E6AE5D3061C6FFE039">>},
 {<<"quantile_estimator">>, <<"282A8A323CA2A845C9E6F787D166348F776C1D4A41EDE63046D72D422E3DA946">>},
 {<<"ranch">>, <<"49FBCFD3682FAB1F5D109351B61257676DA1A2FDBE295904176D5E521A2DDFE5">>},
 {<<"recon">>, <<"96C6799792D735CC0F0FD0F86267E9D351E63339CBE03DF9D162010CEFC26BB0">>},
 {<<"ssl_verify_fun">>, <<"BDB0D2471F453C88FF3908E7686F86F9BE327D065CC1EC16FA4540197EA04680">>},
 {<<"tls_certificate_check">>, <<"51A5AD3DBD72D4694848965F3B5076E8B55D70EB8D5057FCDDD536029AB8A23C">>},
 {<<"unicode_util_compat">>, <<"25EEE6D67DF61960CF6A794239566599B09E17E668D3700247BC498638152521">>}]}
].
